// !$*UTF8*$!
{
	archiveVersion = 1;
	classes = {
	};
	objectVersion = 51;
	objects = {

/* Begin PBXBuildFile section */
		0B66BFDB822A1685EAAD949A /* Pods_LogoEat.framework in Frameworks */ = {isa = PBXBuildFile; fileRef = DB509EEF0AA07CF0DDE29CD6 /* Pods_LogoEat.framework */; };
		7915D94726541BA30023CF3B /* NetworkService.swift in Sources */ = {isa = PBXBuildFile; fileRef = 7915D94626541BA30023CF3B /* NetworkService.swift */; };
		7915D94B26541DC50023CF3B /* AuthorizationNetworkService.swift in Sources */ = {isa = PBXBuildFile; fileRef = 7915D94A26541DC50023CF3B /* AuthorizationNetworkService.swift */; };
		7915D94D265424200023CF3B /* LoginViewController.swift in Sources */ = {isa = PBXBuildFile; fileRef = 7915D94C265424200023CF3B /* LoginViewController.swift */; };
		7915D954265456730023CF3B /* SettingsViewController.swift in Sources */ = {isa = PBXBuildFile; fileRef = 7915D953265456730023CF3B /* SettingsViewController.swift */; };
		7915D9562654EC5C0023CF3B /* Settings.storyboard in Resources */ = {isa = PBXBuildFile; fileRef = 7915D9552654EC5C0023CF3B /* Settings.storyboard */; };
		7915D9582655034F0023CF3B /* BookViewController.swift in Sources */ = {isa = PBXBuildFile; fileRef = 7915D9572655034F0023CF3B /* BookViewController.swift */; };
		7915D95A26550CCE0023CF3B /* SignupViewController.swift in Sources */ = {isa = PBXBuildFile; fileRef = 7915D95926550CCE0023CF3B /* SignupViewController.swift */; };
		793CDBE72660322100FA7BA7 /* SettingsNetworkService.swift in Sources */ = {isa = PBXBuildFile; fileRef = 793CDBE62660322100FA7BA7 /* SettingsNetworkService.swift */; };
		795075252660EDA90057819A /* LocalStorageManager.swift in Sources */ = {isa = PBXBuildFile; fileRef = 795075242660EDA90057819A /* LocalStorageManager.swift */; };
		795DE846265028EB00D6CE04 /* AppDelegate.swift in Sources */ = {isa = PBXBuildFile; fileRef = 795DE845265028EB00D6CE04 /* AppDelegate.swift */; };
		795DE848265028EB00D6CE04 /* ViewController.swift in Sources */ = {isa = PBXBuildFile; fileRef = 795DE847265028EB00D6CE04 /* ViewController.swift */; };
		795DE84B265028EB00D6CE04 /* Restaurant.storyboard in Resources */ = {isa = PBXBuildFile; fileRef = 795DE849265028EB00D6CE04 /* Restaurant.storyboard */; };
		795DE84E265028EB00D6CE04 /* LogoEat.xcdatamodeld in Sources */ = {isa = PBXBuildFile; fileRef = 795DE84C265028EB00D6CE04 /* LogoEat.xcdatamodeld */; };
		795DE850265028ED00D6CE04 /* Assets.xcassets in Resources */ = {isa = PBXBuildFile; fileRef = 795DE84F265028ED00D6CE04 /* Assets.xcassets */; };
		795DE853265028ED00D6CE04 /* LaunchScreen.storyboard in Resources */ = {isa = PBXBuildFile; fileRef = 795DE851265028ED00D6CE04 /* LaunchScreen.storyboard */; };
		79680A3D26657B6800389E0A /* LogoEatUITests.swift in Sources */ = {isa = PBXBuildFile; fileRef = 79680A3C26657B6800389E0A /* LogoEatUITests.swift */; };
		79917A922666C858007AD9E1 /* RestaurantsNetworkService.swift in Sources */ = {isa = PBXBuildFile; fileRef = 79917A912666C858007AD9E1 /* RestaurantsNetworkService.swift */; };
		79A15A7726512341002D2252 /* RestaurantsTableViewController.swift in Sources */ = {isa = PBXBuildFile; fileRef = 79A15A7626512341002D2252 /* RestaurantsTableViewController.swift */; };
		79A15A792651241B002D2252 /* BookingsTableViewController.swift in Sources */ = {isa = PBXBuildFile; fileRef = 79A15A782651241B002D2252 /* BookingsTableViewController.swift */; };
		79A15A7B26513883002D2252 /* RestaurantTableViewCell.swift in Sources */ = {isa = PBXBuildFile; fileRef = 79A15A7A26513883002D2252 /* RestaurantTableViewCell.swift */; };
		79A697F52651739A001D57E3 /* RestaurantModel.swift in Sources */ = {isa = PBXBuildFile; fileRef = 79A697F42651739A001D57E3 /* RestaurantModel.swift */; };
		79A697F72651A7B5001D57E3 /* BookingModel.swift in Sources */ = {isa = PBXBuildFile; fileRef = 79A697F62651A7B5001D57E3 /* BookingModel.swift */; };
		79A697F92651BDE1001D57E3 /* DetailViewController.swift in Sources */ = {isa = PBXBuildFile; fileRef = 79A697F82651BDE1001D57E3 /* DetailViewController.swift */; };
		79A698072652B7A3001D57E3 /* Authorization.storyboard in Resources */ = {isa = PBXBuildFile; fileRef = 79A698062652B7A3001D57E3 /* Authorization.storyboard */; };
		79A6980B2652D7B0001D57E3 /* TokenModel.swift in Sources */ = {isa = PBXBuildFile; fileRef = 79A6980A2652D7B0001D57E3 /* TokenModel.swift */; };
		79C9F340265E446700D09886 /* apiEndpoints.swift in Sources */ = {isa = PBXBuildFile; fileRef = 79C9F33F265E446700D09886 /* apiEndpoints.swift */; };
		79CF5ABA265916BC00CB4AD2 /* LikedTableViewController.swift in Sources */ = {isa = PBXBuildFile; fileRef = 79CF5AB9265916BC00CB4AD2 /* LikedTableViewController.swift */; };
		79CF5ABC2659330900CB4AD2 /* UserModel.swift in Sources */ = {isa = PBXBuildFile; fileRef = 79CF5ABB2659330900CB4AD2 /* UserModel.swift */; };
		79CF5ABE265966E700CB4AD2 /* ChangeViewController.swift in Sources */ = {isa = PBXBuildFile; fileRef = 79CF5ABD265966E700CB4AD2 /* ChangeViewController.swift */; };
		79CF5AC02659673200CB4AD2 /* ChangeType.swift in Sources */ = {isa = PBXBuildFile; fileRef = 79CF5ABF2659673200CB4AD2 /* ChangeType.swift */; };
		79CF5AC226598C2700CB4AD2 /* MapViewController.swift in Sources */ = {isa = PBXBuildFile; fileRef = 79CF5AC126598C2700CB4AD2 /* MapViewController.swift */; };
/* End PBXBuildFile section */

/* Begin PBXContainerItemProxy section */
		79680A3F26657B6800389E0A /* PBXContainerItemProxy */ = {
			isa = PBXContainerItemProxy;
			containerPortal = 795DE83A265028EB00D6CE04 /* Project object */;
			proxyType = 1;
			remoteGlobalIDString = 795DE841265028EB00D6CE04;
			remoteInfo = LogoEat;
		};
/* End PBXContainerItemProxy section */

/* Begin PBXFileReference section */
		5C1477BFBF82FAFD63496238 /* Pods-LogoEat.release.xcconfig */ = {isa = PBXFileReference; includeInIndex = 1; lastKnownFileType = text.xcconfig; name = "Pods-LogoEat.release.xcconfig"; path = "Target Support Files/Pods-LogoEat/Pods-LogoEat.release.xcconfig"; sourceTree = "<group>"; };
		7915D94626541BA30023CF3B /* NetworkService.swift */ = {isa = PBXFileReference; lastKnownFileType = sourcecode.swift; path = NetworkService.swift; sourceTree = "<group>"; };
		7915D94A26541DC50023CF3B /* AuthorizationNetworkService.swift */ = {isa = PBXFileReference; lastKnownFileType = sourcecode.swift; path = AuthorizationNetworkService.swift; sourceTree = "<group>"; };
		7915D94C265424200023CF3B /* LoginViewController.swift */ = {isa = PBXFileReference; lastKnownFileType = sourcecode.swift; path = LoginViewController.swift; sourceTree = "<group>"; };
		7915D953265456730023CF3B /* SettingsViewController.swift */ = {isa = PBXFileReference; lastKnownFileType = sourcecode.swift; path = SettingsViewController.swift; sourceTree = "<group>"; };
		7915D9552654EC5C0023CF3B /* Settings.storyboard */ = {isa = PBXFileReference; lastKnownFileType = file.storyboard; path = Settings.storyboard; sourceTree = "<group>"; };
		7915D9572655034F0023CF3B /* BookViewController.swift */ = {isa = PBXFileReference; lastKnownFileType = sourcecode.swift; path = BookViewController.swift; sourceTree = "<group>"; };
		7915D95926550CCE0023CF3B /* SignupViewController.swift */ = {isa = PBXFileReference; lastKnownFileType = sourcecode.swift; path = SignupViewController.swift; sourceTree = "<group>"; };
		793CDBE62660322100FA7BA7 /* SettingsNetworkService.swift */ = {isa = PBXFileReference; lastKnownFileType = sourcecode.swift; path = SettingsNetworkService.swift; sourceTree = "<group>"; };
		795075242660EDA90057819A /* LocalStorageManager.swift */ = {isa = PBXFileReference; lastKnownFileType = sourcecode.swift; path = LocalStorageManager.swift; sourceTree = "<group>"; };
		795DE842265028EB00D6CE04 /* LogoEat.app */ = {isa = PBXFileReference; explicitFileType = wrapper.application; includeInIndex = 0; path = LogoEat.app; sourceTree = BUILT_PRODUCTS_DIR; };
		795DE845265028EB00D6CE04 /* AppDelegate.swift */ = {isa = PBXFileReference; lastKnownFileType = sourcecode.swift; path = AppDelegate.swift; sourceTree = "<group>"; };
		795DE847265028EB00D6CE04 /* ViewController.swift */ = {isa = PBXFileReference; lastKnownFileType = sourcecode.swift; path = ViewController.swift; sourceTree = "<group>"; };
		795DE84A265028EB00D6CE04 /* Base */ = {isa = PBXFileReference; lastKnownFileType = file.storyboard; name = Base; path = Base.lproj/Restaurant.storyboard; sourceTree = "<group>"; };
		795DE84D265028EB00D6CE04 /* LogoEat.xcdatamodel */ = {isa = PBXFileReference; lastKnownFileType = wrapper.xcdatamodel; path = LogoEat.xcdatamodel; sourceTree = "<group>"; };
		795DE84F265028ED00D6CE04 /* Assets.xcassets */ = {isa = PBXFileReference; lastKnownFileType = folder.assetcatalog; path = Assets.xcassets; sourceTree = "<group>"; };
		795DE852265028ED00D6CE04 /* Base */ = {isa = PBXFileReference; lastKnownFileType = file.storyboard; name = Base; path = Base.lproj/LaunchScreen.storyboard; sourceTree = "<group>"; };
		795DE854265028ED00D6CE04 /* Info.plist */ = {isa = PBXFileReference; lastKnownFileType = text.plist.xml; path = Info.plist; sourceTree = "<group>"; };
		79680A3A26657B6800389E0A /* LogoEatUITests.xctest */ = {isa = PBXFileReference; explicitFileType = wrapper.cfbundle; includeInIndex = 0; path = LogoEatUITests.xctest; sourceTree = BUILT_PRODUCTS_DIR; };
		79680A3C26657B6800389E0A /* LogoEatUITests.swift */ = {isa = PBXFileReference; lastKnownFileType = sourcecode.swift; path = LogoEatUITests.swift; sourceTree = "<group>"; };
		79680A3E26657B6800389E0A /* Info.plist */ = {isa = PBXFileReference; lastKnownFileType = text.plist.xml; path = Info.plist; sourceTree = "<group>"; };
		79917A912666C858007AD9E1 /* RestaurantsNetworkService.swift */ = {isa = PBXFileReference; lastKnownFileType = sourcecode.swift; path = RestaurantsNetworkService.swift; sourceTree = "<group>"; };
		79A15A7626512341002D2252 /* RestaurantsTableViewController.swift */ = {isa = PBXFileReference; lastKnownFileType = sourcecode.swift; path = RestaurantsTableViewController.swift; sourceTree = "<group>"; };
		79A15A782651241B002D2252 /* BookingsTableViewController.swift */ = {isa = PBXFileReference; lastKnownFileType = sourcecode.swift; path = BookingsTableViewController.swift; sourceTree = "<group>"; };
		79A15A7A26513883002D2252 /* RestaurantTableViewCell.swift */ = {isa = PBXFileReference; lastKnownFileType = sourcecode.swift; path = RestaurantTableViewCell.swift; sourceTree = "<group>"; };
		79A697F42651739A001D57E3 /* RestaurantModel.swift */ = {isa = PBXFileReference; lastKnownFileType = sourcecode.swift; path = RestaurantModel.swift; sourceTree = "<group>"; };
		79A697F62651A7B5001D57E3 /* BookingModel.swift */ = {isa = PBXFileReference; lastKnownFileType = sourcecode.swift; path = BookingModel.swift; sourceTree = "<group>"; };
		79A697F82651BDE1001D57E3 /* DetailViewController.swift */ = {isa = PBXFileReference; lastKnownFileType = sourcecode.swift; path = DetailViewController.swift; sourceTree = "<group>"; };
		79A698062652B7A3001D57E3 /* Authorization.storyboard */ = {isa = PBXFileReference; lastKnownFileType = file.storyboard; path = Authorization.storyboard; sourceTree = "<group>"; };
		79A6980A2652D7B0001D57E3 /* TokenModel.swift */ = {isa = PBXFileReference; lastKnownFileType = sourcecode.swift; path = TokenModel.swift; sourceTree = "<group>"; };
		79C9F33F265E446700D09886 /* apiEndpoints.swift */ = {isa = PBXFileReference; lastKnownFileType = sourcecode.swift; path = apiEndpoints.swift; sourceTree = "<group>"; };
		79CF5AB9265916BC00CB4AD2 /* LikedTableViewController.swift */ = {isa = PBXFileReference; lastKnownFileType = sourcecode.swift; path = LikedTableViewController.swift; sourceTree = "<group>"; };
		79CF5ABB2659330900CB4AD2 /* UserModel.swift */ = {isa = PBXFileReference; lastKnownFileType = sourcecode.swift; path = UserModel.swift; sourceTree = "<group>"; };
		79CF5ABD265966E700CB4AD2 /* ChangeViewController.swift */ = {isa = PBXFileReference; lastKnownFileType = sourcecode.swift; path = ChangeViewController.swift; sourceTree = "<group>"; };
		79CF5ABF2659673200CB4AD2 /* ChangeType.swift */ = {isa = PBXFileReference; lastKnownFileType = sourcecode.swift; path = ChangeType.swift; sourceTree = "<group>"; };
		79CF5AC126598C2700CB4AD2 /* MapViewController.swift */ = {isa = PBXFileReference; lastKnownFileType = sourcecode.swift; path = MapViewController.swift; sourceTree = "<group>"; };
		DB509EEF0AA07CF0DDE29CD6 /* Pods_LogoEat.framework */ = {isa = PBXFileReference; explicitFileType = wrapper.framework; includeInIndex = 0; path = Pods_LogoEat.framework; sourceTree = BUILT_PRODUCTS_DIR; };
		F84A58637A7EEB8A42E17A2B /* Pods-LogoEat.debug.xcconfig */ = {isa = PBXFileReference; includeInIndex = 1; lastKnownFileType = text.xcconfig; name = "Pods-LogoEat.debug.xcconfig"; path = "Target Support Files/Pods-LogoEat/Pods-LogoEat.debug.xcconfig"; sourceTree = "<group>"; };
/* End PBXFileReference section */

/* Begin PBXFrameworksBuildPhase section */
		795DE83F265028EB00D6CE04 /* Frameworks */ = {
			isa = PBXFrameworksBuildPhase;
			buildActionMask = 2147483647;
			files = (
				0B66BFDB822A1685EAAD949A /* Pods_LogoEat.framework in Frameworks */,
			);
			runOnlyForDeploymentPostprocessing = 0;
		};
		79680A3726657B6800389E0A /* Frameworks */ = {
			isa = PBXFrameworksBuildPhase;
			buildActionMask = 2147483647;
			files = (
			);
			runOnlyForDeploymentPostprocessing = 0;
		};
/* End PBXFrameworksBuildPhase section */

/* Begin PBXGroup section */
		7915D94526541B620023CF3B /* NetworkService */ = {
			isa = PBXGroup;
			children = (
				7915D94626541BA30023CF3B /* NetworkService.swift */,
				79C9F33F265E446700D09886 /* apiEndpoints.swift */,
			);
			path = NetworkService;
			sourceTree = "<group>";
		};
		7915D94926541D800023CF3B /* AuthorizationNetworkService */ = {
			isa = PBXGroup;
			children = (
				7915D94A26541DC50023CF3B /* AuthorizationNetworkService.swift */,
			);
			path = AuthorizationNetworkService;
			sourceTree = "<group>";
		};
		7915D94E2654561A0023CF3B /* Settings */ = {
			isa = PBXGroup;
			children = (
				7915D951265456390023CF3B /* Model */,
				7915D950265456320023CF3B /* View */,
				7915D94F265456290023CF3B /* Controller */,
				793CDBE5266031E700FA7BA7 /* SettingsNetworkService */,
			);
			path = Settings;
			sourceTree = "<group>";
		};
		7915D94F265456290023CF3B /* Controller */ = {
			isa = PBXGroup;
			children = (
				7915D953265456730023CF3B /* SettingsViewController.swift */,
				79CF5AB9265916BC00CB4AD2 /* LikedTableViewController.swift */,
				79CF5ABD265966E700CB4AD2 /* ChangeViewController.swift */,
			);
			path = Controller;
			sourceTree = "<group>";
		};
		7915D950265456320023CF3B /* View */ = {
			isa = PBXGroup;
			children = (
				7915D9552654EC5C0023CF3B /* Settings.storyboard */,
			);
			path = View;
			sourceTree = "<group>";
		};
		7915D951265456390023CF3B /* Model */ = {
			isa = PBXGroup;
			children = (
				79CF5ABB2659330900CB4AD2 /* UserModel.swift */,
				79CF5ABF2659673200CB4AD2 /* ChangeType.swift */,
			);
			path = Model;
			sourceTree = "<group>";
		};
		793CDBE5266031E700FA7BA7 /* SettingsNetworkService */ = {
			isa = PBXGroup;
			children = (
				793CDBE62660322100FA7BA7 /* SettingsNetworkService.swift */,
			);
			path = SettingsNetworkService;
			sourceTree = "<group>";
		};
		795DE839265028EB00D6CE04 = {
			isa = PBXGroup;
			children = (
				795DE844265028EB00D6CE04 /* LogoEat */,
				79680A3B26657B6800389E0A /* LogoEatUITests */,
				795DE843265028EB00D6CE04 /* Products */,
				8DC810213D9B3A50B062C151 /* Pods */,
				D20512BC5841E8089265D24A /* Frameworks */,
			);
			sourceTree = "<group>";
		};
		795DE843265028EB00D6CE04 /* Products */ = {
			isa = PBXGroup;
			children = (
				795DE842265028EB00D6CE04 /* LogoEat.app */,
				79680A3A26657B6800389E0A /* LogoEatUITests.xctest */,
			);
			name = Products;
			sourceTree = "<group>";
		};
		795DE844265028EB00D6CE04 /* LogoEat */ = {
			isa = PBXGroup;
			children = (
				7915D94E2654561A0023CF3B /* Settings */,
				79A698022652B747001D57E3 /* Authorization */,
				79A697FE2652AF87001D57E3 /* Restaurants */,
				79A697FA2652AF36001D57E3 /* Application */,
				795DE847265028EB00D6CE04 /* ViewController.swift */,
				795DE84F265028ED00D6CE04 /* Assets.xcassets */,
				795DE854265028ED00D6CE04 /* Info.plist */,
				795DE84C265028EB00D6CE04 /* LogoEat.xcdatamodeld */,
			);
			path = LogoEat;
			sourceTree = "<group>";
		};
		79680A3B26657B6800389E0A /* LogoEatUITests */ = {
			isa = PBXGroup;
			children = (
				79680A3C26657B6800389E0A /* LogoEatUITests.swift */,
				79680A3E26657B6800389E0A /* Info.plist */,
			);
			path = LogoEatUITests;
			sourceTree = "<group>";
		};
		79917A902666C82F007AD9E1 /* RestaurantsNetworkService */ = {
			isa = PBXGroup;
			children = (
				79917A912666C858007AD9E1 /* RestaurantsNetworkService.swift */,
			);
			path = RestaurantsNetworkService;
			sourceTree = "<group>";
		};
		79A697FA2652AF36001D57E3 /* Application */ = {
			isa = PBXGroup;
			children = (
				79A697FB2652AF42001D57E3 /* Model */,
				79A697FC2652AF48001D57E3 /* View */,
				79A697FD2652AF50001D57E3 /* Controller */,
				7915D94526541B620023CF3B /* NetworkService */,
			);
			path = Application;
			sourceTree = "<group>";
		};
		79A697FB2652AF42001D57E3 /* Model */ = {
			isa = PBXGroup;
			children = (
			);
			path = Model;
			sourceTree = "<group>";
		};
		79A697FC2652AF48001D57E3 /* View */ = {
			isa = PBXGroup;
			children = (
				795DE851265028ED00D6CE04 /* LaunchScreen.storyboard */,
			);
			path = View;
			sourceTree = "<group>";
		};
		79A697FD2652AF50001D57E3 /* Controller */ = {
			isa = PBXGroup;
			children = (
				795DE845265028EB00D6CE04 /* AppDelegate.swift */,
				795075242660EDA90057819A /* LocalStorageManager.swift */,
			);
			path = Controller;
			sourceTree = "<group>";
		};
		79A697FE2652AF87001D57E3 /* Restaurants */ = {
			isa = PBXGroup;
			children = (
				79A698012652AFB1001D57E3 /* Model */,
				79A698002652AFAA001D57E3 /* View */,
				79A697FF2652AF9B001D57E3 /* Controller */,
				79917A902666C82F007AD9E1 /* RestaurantsNetworkService */,
			);
			path = Restaurants;
			sourceTree = "<group>";
		};
		79A697FF2652AF9B001D57E3 /* Controller */ = {
			isa = PBXGroup;
			children = (
				79A697F82651BDE1001D57E3 /* DetailViewController.swift */,
				79A15A7626512341002D2252 /* RestaurantsTableViewController.swift */,
				79A15A782651241B002D2252 /* BookingsTableViewController.swift */,
				7915D9572655034F0023CF3B /* BookViewController.swift */,
				79CF5AC126598C2700CB4AD2 /* MapViewController.swift */,
			);
			path = Controller;
			sourceTree = "<group>";
		};
		79A698002652AFAA001D57E3 /* View */ = {
			isa = PBXGroup;
			children = (
				795DE849265028EB00D6CE04 /* Restaurant.storyboard */,
				79A15A7A26513883002D2252 /* RestaurantTableViewCell.swift */,
			);
			path = View;
			sourceTree = "<group>";
		};
		79A698012652AFB1001D57E3 /* Model */ = {
			isa = PBXGroup;
			children = (
				79A697F62651A7B5001D57E3 /* BookingModel.swift */,
				79A697F42651739A001D57E3 /* RestaurantModel.swift */,
			);
			path = Model;
			sourceTree = "<group>";
		};
		79A698022652B747001D57E3 /* Authorization */ = {
			isa = PBXGroup;
			children = (
				79A698032652B74F001D57E3 /* Model */,
				79A698042652B755001D57E3 /* View */,
				79A698052652B759001D57E3 /* Controller */,
				7915D94926541D800023CF3B /* AuthorizationNetworkService */,
			);
			path = Authorization;
			sourceTree = "<group>";
		};
		79A698032652B74F001D57E3 /* Model */ = {
			isa = PBXGroup;
			children = (
				79A6980A2652D7B0001D57E3 /* TokenModel.swift */,
			);
			path = Model;
			sourceTree = "<group>";
		};
		79A698042652B755001D57E3 /* View */ = {
			isa = PBXGroup;
			children = (
				79A698062652B7A3001D57E3 /* Authorization.storyboard */,
			);
			path = View;
			sourceTree = "<group>";
		};
		79A698052652B759001D57E3 /* Controller */ = {
			isa = PBXGroup;
			children = (
				7915D94C265424200023CF3B /* LoginViewController.swift */,
				7915D95926550CCE0023CF3B /* SignupViewController.swift */,
			);
			path = Controller;
			sourceTree = "<group>";
		};
		8DC810213D9B3A50B062C151 /* Pods */ = {
			isa = PBXGroup;
			children = (
				F84A58637A7EEB8A42E17A2B /* Pods-LogoEat.debug.xcconfig */,
				5C1477BFBF82FAFD63496238 /* Pods-LogoEat.release.xcconfig */,
			);
			path = Pods;
			sourceTree = "<group>";
		};
		D20512BC5841E8089265D24A /* Frameworks */ = {
			isa = PBXGroup;
			children = (
				DB509EEF0AA07CF0DDE29CD6 /* Pods_LogoEat.framework */,
			);
			name = Frameworks;
			sourceTree = "<group>";
		};
/* End PBXGroup section */

/* Begin PBXNativeTarget section */
		795DE841265028EB00D6CE04 /* LogoEat */ = {
			isa = PBXNativeTarget;
			buildConfigurationList = 795DE857265028ED00D6CE04 /* Build configuration list for PBXNativeTarget "LogoEat" */;
			buildPhases = (
				68190A62232ED7F2571C7ABE /* [CP] Check Pods Manifest.lock */,
				795DE83E265028EB00D6CE04 /* Sources */,
				795DE83F265028EB00D6CE04 /* Frameworks */,
				795DE840265028EB00D6CE04 /* Resources */,
				5D0B2EC121CB7E2B47707AF7 /* [CP] Embed Pods Frameworks */,
			);
			buildRules = (
			);
			dependencies = (
			);
			name = LogoEat;
			productName = LogoEat;
			productReference = 795DE842265028EB00D6CE04 /* LogoEat.app */;
			productType = "com.apple.product-type.application";
		};
		79680A3926657B6800389E0A /* LogoEatUITests */ = {
			isa = PBXNativeTarget;
			buildConfigurationList = 79680A4326657B6800389E0A /* Build configuration list for PBXNativeTarget "LogoEatUITests" */;
			buildPhases = (
				79680A3626657B6800389E0A /* Sources */,
				79680A3726657B6800389E0A /* Frameworks */,
				79680A3826657B6800389E0A /* Resources */,
			);
			buildRules = (
			);
			dependencies = (
				79680A4026657B6800389E0A /* PBXTargetDependency */,
			);
			name = LogoEatUITests;
			productName = LogoEatUITests;
			productReference = 79680A3A26657B6800389E0A /* LogoEatUITests.xctest */;
			productType = "com.apple.product-type.bundle.ui-testing";
		};
/* End PBXNativeTarget section */

/* Begin PBXProject section */
		795DE83A265028EB00D6CE04 /* Project object */ = {
			isa = PBXProject;
			attributes = {
				LastSwiftUpdateCheck = 1250;
				LastUpgradeCheck = 1250;
				ORGANIZATIONNAME = "dsadas asdasd";
				TargetAttributes = {
					795DE841265028EB00D6CE04 = {
						CreatedOnToolsVersion = 10.1;
					};
					79680A3926657B6800389E0A = {
						CreatedOnToolsVersion = 12.5;
						TestTargetID = 795DE841265028EB00D6CE04;
					};
				};
			};
			buildConfigurationList = 795DE83D265028EB00D6CE04 /* Build configuration list for PBXProject "LogoEat" */;
			compatibilityVersion = "Xcode 9.3";
			developmentRegion = en;
			hasScannedForEncodings = 0;
			knownRegions = (
				en,
				Base,
			);
			mainGroup = 795DE839265028EB00D6CE04;
			productRefGroup = 795DE843265028EB00D6CE04 /* Products */;
			projectDirPath = "";
			projectRoot = "";
			targets = (
				795DE841265028EB00D6CE04 /* LogoEat */,
				79680A3926657B6800389E0A /* LogoEatUITests */,
			);
		};
/* End PBXProject section */

/* Begin PBXResourcesBuildPhase section */
		795DE840265028EB00D6CE04 /* Resources */ = {
			isa = PBXResourcesBuildPhase;
			buildActionMask = 2147483647;
			files = (
				79A698072652B7A3001D57E3 /* Authorization.storyboard in Resources */,
				795DE853265028ED00D6CE04 /* LaunchScreen.storyboard in Resources */,
				795DE850265028ED00D6CE04 /* Assets.xcassets in Resources */,
				795DE84B265028EB00D6CE04 /* Restaurant.storyboard in Resources */,
				7915D9562654EC5C0023CF3B /* Settings.storyboard in Resources */,
			);
			runOnlyForDeploymentPostprocessing = 0;
		};
		79680A3826657B6800389E0A /* Resources */ = {
			isa = PBXResourcesBuildPhase;
			buildActionMask = 2147483647;
			files = (
			);
			runOnlyForDeploymentPostprocessing = 0;
		};
/* End PBXResourcesBuildPhase section */

/* Begin PBXShellScriptBuildPhase section */
		5D0B2EC121CB7E2B47707AF7 /* [CP] Embed Pods Frameworks */ = {
			isa = PBXShellScriptBuildPhase;
			buildActionMask = 2147483647;
			files = (
			);
			inputFileListPaths = (
				"${PODS_ROOT}/Target Support Files/Pods-LogoEat/Pods-LogoEat-frameworks-${CONFIGURATION}-input-files.xcfilelist",
			);
			name = "[CP] Embed Pods Frameworks";
			outputFileListPaths = (
				"${PODS_ROOT}/Target Support Files/Pods-LogoEat/Pods-LogoEat-frameworks-${CONFIGURATION}-output-files.xcfilelist",
			);
			runOnlyForDeploymentPostprocessing = 0;
			shellPath = /bin/sh;
			shellScript = "\"${PODS_ROOT}/Target Support Files/Pods-LogoEat/Pods-LogoEat-frameworks.sh\"\n";
			showEnvVarsInLog = 0;
		};
		68190A62232ED7F2571C7ABE /* [CP] Check Pods Manifest.lock */ = {
			isa = PBXShellScriptBuildPhase;
			buildActionMask = 2147483647;
			files = (
			);
			inputFileListPaths = (
			);
			inputPaths = (
				"${PODS_PODFILE_DIR_PATH}/Podfile.lock",
				"${PODS_ROOT}/Manifest.lock",
			);
			name = "[CP] Check Pods Manifest.lock";
			outputFileListPaths = (
			);
			outputPaths = (
				"$(DERIVED_FILE_DIR)/Pods-LogoEat-checkManifestLockResult.txt",
			);
			runOnlyForDeploymentPostprocessing = 0;
			shellPath = /bin/sh;
			shellScript = "diff \"${PODS_PODFILE_DIR_PATH}/Podfile.lock\" \"${PODS_ROOT}/Manifest.lock\" > /dev/null\nif [ $? != 0 ] ; then\n    # print error to STDERR\n    echo \"error: The sandbox is not in sync with the Podfile.lock. Run 'pod install' or update your CocoaPods installation.\" >&2\n    exit 1\nfi\n# This output is used by Xcode 'outputs' to avoid re-running this script phase.\necho \"SUCCESS\" > \"${SCRIPT_OUTPUT_FILE_0}\"\n";
			showEnvVarsInLog = 0;
		};
/* End PBXShellScriptBuildPhase section */

/* Begin PBXSourcesBuildPhase section */
		795DE83E265028EB00D6CE04 /* Sources */ = {
			isa = PBXSourcesBuildPhase;
			buildActionMask = 2147483647;
			files = (
				7915D94726541BA30023CF3B /* NetworkService.swift in Sources */,
				79A697F92651BDE1001D57E3 /* DetailViewController.swift in Sources */,
				79A15A7B26513883002D2252 /* RestaurantTableViewCell.swift in Sources */,
				79917A922666C858007AD9E1 /* RestaurantsNetworkService.swift in Sources */,
				79C9F340265E446700D09886 /* apiEndpoints.swift in Sources */,
				795DE84E265028EB00D6CE04 /* LogoEat.xcdatamodeld in Sources */,
				7915D94B26541DC50023CF3B /* AuthorizationNetworkService.swift in Sources */,
				79CF5AC02659673200CB4AD2 /* ChangeType.swift in Sources */,
				79A697F52651739A001D57E3 /* RestaurantModel.swift in Sources */,
				795DE848265028EB00D6CE04 /* ViewController.swift in Sources */,
				79CF5ABE265966E700CB4AD2 /* ChangeViewController.swift in Sources */,
				79A15A7726512341002D2252 /* RestaurantsTableViewController.swift in Sources */,
				79A15A792651241B002D2252 /* BookingsTableViewController.swift in Sources */,
				7915D954265456730023CF3B /* SettingsViewController.swift in Sources */,
				7915D95A26550CCE0023CF3B /* SignupViewController.swift in Sources */,
				79CF5AC226598C2700CB4AD2 /* MapViewController.swift in Sources */,
				795075252660EDA90057819A /* LocalStorageManager.swift in Sources */,
				795DE846265028EB00D6CE04 /* AppDelegate.swift in Sources */,
				79A6980B2652D7B0001D57E3 /* TokenModel.swift in Sources */,
				7915D9582655034F0023CF3B /* BookViewController.swift in Sources */,
				793CDBE72660322100FA7BA7 /* SettingsNetworkService.swift in Sources */,
				7915D94D265424200023CF3B /* LoginViewController.swift in Sources */,
				79A697F72651A7B5001D57E3 /* BookingModel.swift in Sources */,
				79CF5ABC2659330900CB4AD2 /* UserModel.swift in Sources */,
				79CF5ABA265916BC00CB4AD2 /* LikedTableViewController.swift in Sources */,
			);
			runOnlyForDeploymentPostprocessing = 0;
		};
		79680A3626657B6800389E0A /* Sources */ = {
			isa = PBXSourcesBuildPhase;
			buildActionMask = 2147483647;
			files = (
				79680A3D26657B6800389E0A /* LogoEatUITests.swift in Sources */,
			);
			runOnlyForDeploymentPostprocessing = 0;
		};
/* End PBXSourcesBuildPhase section */

/* Begin PBXTargetDependency section */
		79680A4026657B6800389E0A /* PBXTargetDependency */ = {
			isa = PBXTargetDependency;
			target = 795DE841265028EB00D6CE04 /* LogoEat */;
			targetProxy = 79680A3F26657B6800389E0A /* PBXContainerItemProxy */;
		};
/* End PBXTargetDependency section */

/* Begin PBXVariantGroup section */
		795DE849265028EB00D6CE04 /* Restaurant.storyboard */ = {
			isa = PBXVariantGroup;
			children = (
				795DE84A265028EB00D6CE04 /* Base */,
			);
			name = Restaurant.storyboard;
			sourceTree = "<group>";
		};
		795DE851265028ED00D6CE04 /* LaunchScreen.storyboard */ = {
			isa = PBXVariantGroup;
			children = (
				795DE852265028ED00D6CE04 /* Base */,
			);
			name = LaunchScreen.storyboard;
			sourceTree = "<group>";
		};
/* End PBXVariantGroup section */

/* Begin XCBuildConfiguration section */
		795DE855265028ED00D6CE04 /* Debug */ = {
			isa = XCBuildConfiguration;
			buildSettings = {
				ALWAYS_SEARCH_USER_PATHS = NO;
				CLANG_ANALYZER_NONNULL = YES;
				CLANG_ANALYZER_NUMBER_OBJECT_CONVERSION = YES_AGGRESSIVE;
				CLANG_CXX_LANGUAGE_STANDARD = "gnu++14";
				CLANG_CXX_LIBRARY = "libc++";
				CLANG_ENABLE_MODULES = YES;
				CLANG_ENABLE_OBJC_ARC = YES;
				CLANG_ENABLE_OBJC_WEAK = YES;
				CLANG_WARN_BLOCK_CAPTURE_AUTORELEASING = YES;
				CLANG_WARN_BOOL_CONVERSION = YES;
				CLANG_WARN_COMMA = YES;
				CLANG_WARN_CONSTANT_CONVERSION = YES;
				CLANG_WARN_DEPRECATED_OBJC_IMPLEMENTATIONS = YES;
				CLANG_WARN_DIRECT_OBJC_ISA_USAGE = YES_ERROR;
				CLANG_WARN_DOCUMENTATION_COMMENTS = YES;
				CLANG_WARN_EMPTY_BODY = YES;
				CLANG_WARN_ENUM_CONVERSION = YES;
				CLANG_WARN_INFINITE_RECURSION = YES;
				CLANG_WARN_INT_CONVERSION = YES;
				CLANG_WARN_NON_LITERAL_NULL_CONVERSION = YES;
				CLANG_WARN_OBJC_IMPLICIT_RETAIN_SELF = YES;
				CLANG_WARN_OBJC_LITERAL_CONVERSION = YES;
				CLANG_WARN_OBJC_ROOT_CLASS = YES_ERROR;
				CLANG_WARN_QUOTED_INCLUDE_IN_FRAMEWORK_HEADER = YES;
				CLANG_WARN_RANGE_LOOP_ANALYSIS = YES;
				CLANG_WARN_STRICT_PROTOTYPES = YES;
				CLANG_WARN_SUSPICIOUS_MOVE = YES;
				CLANG_WARN_UNGUARDED_AVAILABILITY = YES_AGGRESSIVE;
				CLANG_WARN_UNREACHABLE_CODE = YES;
				CLANG_WARN__DUPLICATE_METHOD_MATCH = YES;
				CODE_SIGN_IDENTITY = "iPhone Developer";
				COPY_PHASE_STRIP = NO;
				DEBUG_INFORMATION_FORMAT = dwarf;
				DEVELOPMENT_TEAM = MU7S6322ML;
				ENABLE_STRICT_OBJC_MSGSEND = YES;
				ENABLE_TESTABILITY = YES;
				GCC_C_LANGUAGE_STANDARD = gnu11;
				GCC_DYNAMIC_NO_PIC = NO;
				GCC_NO_COMMON_BLOCKS = YES;
				GCC_OPTIMIZATION_LEVEL = 0;
				GCC_PREPROCESSOR_DEFINITIONS = (
					"DEBUG=1",
					"$(inherited)",
				);
				GCC_WARN_64_TO_32_BIT_CONVERSION = YES;
				GCC_WARN_ABOUT_RETURN_TYPE = YES_ERROR;
				GCC_WARN_UNDECLARED_SELECTOR = YES;
				GCC_WARN_UNINITIALIZED_AUTOS = YES_AGGRESSIVE;
				GCC_WARN_UNUSED_FUNCTION = YES;
				GCC_WARN_UNUSED_VARIABLE = YES;
				IPHONEOS_DEPLOYMENT_TARGET = 12.1;
				MTL_ENABLE_DEBUG_INFO = INCLUDE_SOURCE;
				MTL_FAST_MATH = YES;
				ONLY_ACTIVE_ARCH = YES;
				SDKROOT = iphoneos;
				SWIFT_ACTIVE_COMPILATION_CONDITIONS = DEBUG;
				SWIFT_OPTIMIZATION_LEVEL = "-Onone";
			};
			name = Debug;
		};
		795DE856265028ED00D6CE04 /* Release */ = {
			isa = XCBuildConfiguration;
			buildSettings = {
				ALWAYS_SEARCH_USER_PATHS = NO;
				CLANG_ANALYZER_NONNULL = YES;
				CLANG_ANALYZER_NUMBER_OBJECT_CONVERSION = YES_AGGRESSIVE;
				CLANG_CXX_LANGUAGE_STANDARD = "gnu++14";
				CLANG_CXX_LIBRARY = "libc++";
				CLANG_ENABLE_MODULES = YES;
				CLANG_ENABLE_OBJC_ARC = YES;
				CLANG_ENABLE_OBJC_WEAK = YES;
				CLANG_WARN_BLOCK_CAPTURE_AUTORELEASING = YES;
				CLANG_WARN_BOOL_CONVERSION = YES;
				CLANG_WARN_COMMA = YES;
				CLANG_WARN_CONSTANT_CONVERSION = YES;
				CLANG_WARN_DEPRECATED_OBJC_IMPLEMENTATIONS = YES;
				CLANG_WARN_DIRECT_OBJC_ISA_USAGE = YES_ERROR;
				CLANG_WARN_DOCUMENTATION_COMMENTS = YES;
				CLANG_WARN_EMPTY_BODY = YES;
				CLANG_WARN_ENUM_CONVERSION = YES;
				CLANG_WARN_INFINITE_RECURSION = YES;
				CLANG_WARN_INT_CONVERSION = YES;
				CLANG_WARN_NON_LITERAL_NULL_CONVERSION = YES;
				CLANG_WARN_OBJC_IMPLICIT_RETAIN_SELF = YES;
				CLANG_WARN_OBJC_LITERAL_CONVERSION = YES;
				CLANG_WARN_OBJC_ROOT_CLASS = YES_ERROR;
				CLANG_WARN_QUOTED_INCLUDE_IN_FRAMEWORK_HEADER = YES;
				CLANG_WARN_RANGE_LOOP_ANALYSIS = YES;
				CLANG_WARN_STRICT_PROTOTYPES = YES;
				CLANG_WARN_SUSPICIOUS_MOVE = YES;
				CLANG_WARN_UNGUARDED_AVAILABILITY = YES_AGGRESSIVE;
				CLANG_WARN_UNREACHABLE_CODE = YES;
				CLANG_WARN__DUPLICATE_METHOD_MATCH = YES;
				CODE_SIGN_IDENTITY = "iPhone Developer";
				COPY_PHASE_STRIP = NO;
				DEBUG_INFORMATION_FORMAT = "dwarf-with-dsym";
				DEVELOPMENT_TEAM = MU7S6322ML;
				ENABLE_NS_ASSERTIONS = NO;
				ENABLE_STRICT_OBJC_MSGSEND = YES;
				GCC_C_LANGUAGE_STANDARD = gnu11;
				GCC_NO_COMMON_BLOCKS = YES;
				GCC_WARN_64_TO_32_BIT_CONVERSION = YES;
				GCC_WARN_ABOUT_RETURN_TYPE = YES_ERROR;
				GCC_WARN_UNDECLARED_SELECTOR = YES;
				GCC_WARN_UNINITIALIZED_AUTOS = YES_AGGRESSIVE;
				GCC_WARN_UNUSED_FUNCTION = YES;
				GCC_WARN_UNUSED_VARIABLE = YES;
				IPHONEOS_DEPLOYMENT_TARGET = 12.1;
				MTL_ENABLE_DEBUG_INFO = NO;
				MTL_FAST_MATH = YES;
				SDKROOT = iphoneos;
				SWIFT_COMPILATION_MODE = wholemodule;
				SWIFT_OPTIMIZATION_LEVEL = "-O";
				VALIDATE_PRODUCT = YES;
			};
			name = Release;
		};
		795DE858265028ED00D6CE04 /* Debug */ = {
			isa = XCBuildConfiguration;
			baseConfigurationReference = F84A58637A7EEB8A42E17A2B /* Pods-LogoEat.debug.xcconfig */;
			buildSettings = {
				ASSETCATALOG_COMPILER_APPICON_NAME = AppIcon;
				CODE_SIGN_STYLE = Automatic;
				INFOPLIST_FILE = LogoEat/Info.plist;
				LD_RUNPATH_SEARCH_PATHS = (
					"$(inherited)",
					"@executable_path/Frameworks",
				);
				PRODUCT_BUNDLE_IDENTIFIER = "-.LogoEat";
				PRODUCT_NAME = "$(TARGET_NAME)";
				SWIFT_VERSION = 4.2;
				TARGETED_DEVICE_FAMILY = "1,2";
			};
			name = Debug;
		};
		795DE859265028ED00D6CE04 /* Release */ = {
			isa = XCBuildConfiguration;
			baseConfigurationReference = 5C1477BFBF82FAFD63496238 /* Pods-LogoEat.release.xcconfig */;
			buildSettings = {
				ASSETCATALOG_COMPILER_APPICON_NAME = AppIcon;
				CODE_SIGN_STYLE = Automatic;
				INFOPLIST_FILE = LogoEat/Info.plist;
				LD_RUNPATH_SEARCH_PATHS = (
					"$(inherited)",
					"@executable_path/Frameworks",
				);
				PRODUCT_BUNDLE_IDENTIFIER = "-.LogoEat";
				PRODUCT_NAME = "$(TARGET_NAME)";
				SWIFT_VERSION = 4.2;
				TARGETED_DEVICE_FAMILY = "1,2";
			};
			name = Release;
		};
		79680A4126657B6800389E0A /* Debug */ = {
			isa = XCBuildConfiguration;
			buildSettings = {
				CODE_SIGN_STYLE = Automatic;
				INFOPLIST_FILE = LogoEatUITests/Info.plist;
				IPHONEOS_DEPLOYMENT_TARGET = 14.5;
				LD_RUNPATH_SEARCH_PATHS = (
					"$(inherited)",
					"@executable_path/Frameworks",
					"@loader_path/Frameworks",
				);
				PRODUCT_BUNDLE_IDENTIFIER = "-.LogoEatUITests";
				PRODUCT_NAME = "$(TARGET_NAME)";
				SWIFT_VERSION = 5.0;
				TARGETED_DEVICE_FAMILY = "1,2";
				TEST_TARGET_NAME = LogoEat;
			};
			name = Debug;
		};
		79680A4226657B6800389E0A /* Release */ = {
			isa = XCBuildConfiguration;
			buildSettings = {
				CODE_SIGN_STYLE = Automatic;
				INFOPLIST_FILE = LogoEatUITests/Info.plist;
				IPHONEOS_DEPLOYMENT_TARGET = 14.5;
				LD_RUNPATH_SEARCH_PATHS = (
					"$(inherited)",
					"@executable_path/Frameworks",
					"@loader_path/Frameworks",
				);
				PRODUCT_BUNDLE_IDENTIFIER = "-.LogoEatUITests";
				PRODUCT_NAME = "$(TARGET_NAME)";
				SWIFT_VERSION = 5.0;
				TARGETED_DEVICE_FAMILY = "1,2";
				TEST_TARGET_NAME = LogoEat;
			};
			name = Release;
		};
/* End XCBuildConfiguration section */

/* Begin XCConfigurationList section */
		795DE83D265028EB00D6CE04 /* Build configuration list for PBXProject "LogoEat" */ = {
			isa = XCConfigurationList;
			buildConfigurations = (
				795DE855265028ED00D6CE04 /* Debug */,
				795DE856265028ED00D6CE04 /* Release */,
			);
			defaultConfigurationIsVisible = 0;
			defaultConfigurationName = Release;
		};
		795DE857265028ED00D6CE04 /* Build configuration list for PBXNativeTarget "LogoEat" */ = {
			isa = XCConfigurationList;
			buildConfigurations = (
				795DE858265028ED00D6CE04 /* Debug */,
				795DE859265028ED00D6CE04 /* Release */,
			);
			defaultConfigurationIsVisible = 0;
			defaultConfigurationName = Release;
		};
		79680A4326657B6800389E0A /* Build configuration list for PBXNativeTarget "LogoEatUITests" */ = {
			isa = XCConfigurationList;
			buildConfigurations = (
				79680A4126657B6800389E0A /* Debug */,
				79680A4226657B6800389E0A /* Release */,
			);
			defaultConfigurationIsVisible = 0;
			defaultConfigurationName = Release;
		};
/* End XCConfigurationList section */

/* Begin XCVersionGroup section */
		795DE84C265028EB00D6CE04 /* LogoEat.xcdatamodeld */ = {
			isa = XCVersionGroup;
			children = (
				795DE84D265028EB00D6CE04 /* LogoEat.xcdatamodel */,
			);
			currentVersion = 795DE84D265028EB00D6CE04 /* LogoEat.xcdatamodel */;
			path = LogoEat.xcdatamodeld;
			sourceTree = "<group>";
			versionGroupType = wrapper.xcdatamodel;
		};
/* End XCVersionGroup section */
	};
	rootObject = 795DE83A265028EB00D6CE04 /* Project object */;
}
